
Microsoft Visual Studio Solution File, Format Version 12.00
# Visual Studio 15
VisualStudioVersion = 15.0.26730.15
MinimumVisualStudioVersion = 10.0.40219.1
Project("{FAE04EC0-301F-11D3-BF4B-00C04F79EFBC}") = "Lab_Gaus", "Lab_Gaus\Lab_Gaus.csproj", "{1C229D77-84D9-417B-A663-EA9A144E5333}"
EndProject
Global
	GlobalSection(SolutionConfigurationPlatforms) = preSolution
		Debug|Any CPU = Debug|Any CPU
		Release|Any CPU = Release|Any CPU
	EndGlobalSection
	GlobalSection(ProjectConfigurationPlatforms) = postSolution
		{1C229D77-84D9-417B-A663-EA9A144E5333}.Debug|Any CPU.ActiveCfg = Debug|Any CPU
		{1C229D77-84D9-417B-A663-EA9A144E5333}.Debug|Any CPU.Build.0 = Debug|Any CPU
		{1C229D77-84D9-417B-A663-EA9A144E5333}.Release|Any CPU.ActiveCfg = Release|Any CPU
		{1C229D77-84D9-417B-A663-EA9A144E5333}.Release|Any CPU.Build.0 = Release|Any CPU
	EndGlobalSection
	GlobalSection(SolutionProperties) = preSolution
		HideSolutionNode = FALSE
	EndGlobalSection
	GlobalSection(ExtensibilityGlobals) = postSolution
		SolutionGuid = {4D05DF9B-3B71-4F76-8C0C-C5ECBCB22FB7}
	EndGlobalSection
EndGlobal
